
Microsoft Visual Studio Solution File, Format Version 12.00
# Visual Studio Version 17
VisualStudioVersion = 17.0.31903.59
MinimumVisualStudioVersion = 10.0.40219.1
Project("{2150E333-8FDC-42A3-9474-1A3956D46DE8}") = "Solution Items", "Solution Items", "{33A84833-0011-4313-B428-06AB25DC30DB}"
	ProjectSection(SolutionItems) = preProject
		.editorconfig = .editorconfig
		NuGet.config = NuGet.config
	EndProjectSection
EndProject
Project("{2150E333-8FDC-42A3-9474-1A3956D46DE8}") = "Sources", "Sources", "{DDF5E75B-12AB-488B-88D2-548D5C2A9612}"
EndProject
Project("{2150E333-8FDC-42A3-9474-1A3956D46DE8}") = "Hosts", "Hosts", "{594DB2C2-A5D1-4250-BC41-B302FB2643A0}"
EndProject
Project("{FAE04EC0-301F-11D3-BF4B-00C04F79EFBC}") = "Nine.WebApi", "Sources\Hosts\Nine.WebApi\Nine.WebApi.csproj", "{C2DEDA38-2CA0-4598-8CF7-6521FE159F39}"
EndProject
Project("{FAE04EC0-301F-11D3-BF4B-00C04F79EFBC}") = "Nine.SharedKernel", "Sources\Nine.SharedKernel\Nine.SharedKernel.csproj", "{6A338C65-D15E-4596-BDF2-9C0B361B0E6A}"
EndProject
Project("{2150E333-8FDC-42A3-9474-1A3956D46DE8}") = "Identity", "Identity", "{2F0E9196-121F-4274-802A-7A2411C6E50A}"
EndProject
Project("{FAE04EC0-301F-11D3-BF4B-00C04F79EFBC}") = "Nine.Identity.Domain", "Sources\Identity\Nine.Identity.Domain\Nine.Identity.Domain.csproj", "{CA666A8E-C5AF-4B0E-831C-B16703AE111F}"
EndProject
Project("{FAE04EC0-301F-11D3-BF4B-00C04F79EFBC}") = "Nine.Identity.Domain.Tests", "Sources\Identity\Nine.Identity.Domain.Tests\Nine.Identity.Domain.Tests.csproj", "{36B97185-1EFC-4755-8521-FA177EEF3445}"
EndProject
Project("{FAE04EC0-301F-11D3-BF4B-00C04F79EFBC}") = "Nine.Identity.Domain.Contracts", "Sources\Identity\Nine.Identity.Domain.Contracts\Nine.Identity.Domain.Contracts.csproj", "{5DE4A06B-3B14-43B5-8214-6ABC66B0E721}"
EndProject
Project("{FAE04EC0-301F-11D3-BF4B-00C04F79EFBC}") = "Nine.Identity.Application", "Sources\Identity\Nine.Identity.Application\Nine.Identity.Application.csproj", "{9BBA8456-63E6-4E12-9552-CC31F1511FBB}"
EndProject
Project("{FAE04EC0-301F-11D3-BF4B-00C04F79EFBC}") = "Nine.Identity.Presentation", "Sources\Identity\Nine.Identity.Presentation\Nine.Identity.Presentation.csproj", "{1DBE36EB-3973-4B2B-9C52-49B69548FEBE}"
EndProject
Project("{FAE04EC0-301F-11D3-BF4B-00C04F79EFBC}") = "Nine.Identity.Infrastructure", "Sources\Identity\Nine.Identity.Infrastructure\Nine.Identity.Infrastructure.csproj", "{67F49565-9EE7-4390-8DA5-1FFD3C62FDFE}"
EndProject
Project("{FAE04EC0-301F-11D3-BF4B-00C04F79EFBC}") = "Nine.WebApi.Tests", "Sources\Hosts\Nine.WebApi.Tests\Nine.WebApi.Tests.csproj", "{E2201256-BE0C-47AB-9E8B-E338202F88B1}"
EndProject
Project("{2150E333-8FDC-42A3-9474-1A3956D46DE8}") = "Profiles", "Profiles", "{7A50A48D-A12E-4E9B-B610-B1A8D658DEF3}"
EndProject
Project("{FAE04EC0-301F-11D3-BF4B-00C04F79EFBC}") = "Nine.Profiles.Domain", "Sources\Profiles\Nine.Profiles.Domain\Nine.Profiles.Domain.csproj", "{4C930ACE-FB47-4D6F-8588-F07E1E5F8A0B}"
EndProject
Project("{FAE04EC0-301F-11D3-BF4B-00C04F79EFBC}") = "Nine.Profiles.Domain.Contracts", "Sources\Profiles\Nine.Profiles.Domain.Contracts\Nine.Profiles.Domain.Contracts.csproj", "{C7278FD7-7309-492D-A35F-DD3FCAF30E87}"
EndProject
Project("{FAE04EC0-301F-11D3-BF4B-00C04F79EFBC}") = "Nine.Profiles.Domain.Tests", "Sources\Profiles\Nine.Profiles.Domain.Tests\Nine.Profiles.Domain.Tests.csproj", "{E09D6CD3-F0F7-463C-8A5A-0AEC6EDDCA9F}"
EndProject
Project("{FAE04EC0-301F-11D3-BF4B-00C04F79EFBC}") = "Nine.Profiles.Application", "Sources\Profiles\Nine.Profiles.Application\Nine.Profiles.Application.csproj", "{D815D392-8326-46AE-81ED-8187F503D1E9}"
EndProject
Project("{FAE04EC0-301F-11D3-BF4B-00C04F79EFBC}") = "Nine.Profiles.Infrastructure", "Sources\Profiles\Nine.Profiles.Infrastructure\Nine.Profiles.Infrastructure.csproj", "{FD014D12-AEA1-45DA-A646-0EA4B964DCF5}"
EndProject
Project("{FAE04EC0-301F-11D3-BF4B-00C04F79EFBC}") = "Nine.Profiles.Presentation", "Sources\Profiles\Nine.Profiles.Presentation\Nine.Profiles.Presentation.csproj", "{956EF201-0422-4935-9C05-CF916BEBB22A}"
EndProject
Global
	GlobalSection(SolutionConfigurationPlatforms) = preSolution
		Debug|Any CPU = Debug|Any CPU
		Debug|x64 = Debug|x64
		Debug|x86 = Debug|x86
		Release|Any CPU = Release|Any CPU
		Release|x64 = Release|x64
		Release|x86 = Release|x86
	EndGlobalSection
	GlobalSection(ProjectConfigurationPlatforms) = postSolution
		{C2DEDA38-2CA0-4598-8CF7-6521FE159F39}.Debug|Any CPU.ActiveCfg = Debug|Any CPU
		{C2DEDA38-2CA0-4598-8CF7-6521FE159F39}.Debug|Any CPU.Build.0 = Debug|Any CPU
		{C2DEDA38-2CA0-4598-8CF7-6521FE159F39}.Debug|x64.ActiveCfg = Debug|Any CPU
		{C2DEDA38-2CA0-4598-8CF7-6521FE159F39}.Debug|x64.Build.0 = Debug|Any CPU
		{C2DEDA38-2CA0-4598-8CF7-6521FE159F39}.Debug|x86.ActiveCfg = Debug|Any CPU
		{C2DEDA38-2CA0-4598-8CF7-6521FE159F39}.Debug|x86.Build.0 = Debug|Any CPU
		{C2DEDA38-2CA0-4598-8CF7-6521FE159F39}.Release|Any CPU.ActiveCfg = Release|Any CPU
		{C2DEDA38-2CA0-4598-8CF7-6521FE159F39}.Release|Any CPU.Build.0 = Release|Any CPU
		{C2DEDA38-2CA0-4598-8CF7-6521FE159F39}.Release|x64.ActiveCfg = Release|Any CPU
		{C2DEDA38-2CA0-4598-8CF7-6521FE159F39}.Release|x64.Build.0 = Release|Any CPU
		{C2DEDA38-2CA0-4598-8CF7-6521FE159F39}.Release|x86.ActiveCfg = Release|Any CPU
		{C2DEDA38-2CA0-4598-8CF7-6521FE159F39}.Release|x86.Build.0 = Release|Any CPU
		{6A338C65-D15E-4596-BDF2-9C0B361B0E6A}.Debug|Any CPU.ActiveCfg = Debug|Any CPU
		{6A338C65-D15E-4596-BDF2-9C0B361B0E6A}.Debug|Any CPU.Build.0 = Debug|Any CPU
		{6A338C65-D15E-4596-BDF2-9C0B361B0E6A}.Debug|x64.ActiveCfg = Debug|Any CPU
		{6A338C65-D15E-4596-BDF2-9C0B361B0E6A}.Debug|x64.Build.0 = Debug|Any CPU
		{6A338C65-D15E-4596-BDF2-9C0B361B0E6A}.Debug|x86.ActiveCfg = Debug|Any CPU
		{6A338C65-D15E-4596-BDF2-9C0B361B0E6A}.Debug|x86.Build.0 = Debug|Any CPU
		{6A338C65-D15E-4596-BDF2-9C0B361B0E6A}.Release|Any CPU.ActiveCfg = Release|Any CPU
		{6A338C65-D15E-4596-BDF2-9C0B361B0E6A}.Release|Any CPU.Build.0 = Release|Any CPU
		{6A338C65-D15E-4596-BDF2-9C0B361B0E6A}.Release|x64.ActiveCfg = Release|Any CPU
		{6A338C65-D15E-4596-BDF2-9C0B361B0E6A}.Release|x64.Build.0 = Release|Any CPU
		{6A338C65-D15E-4596-BDF2-9C0B361B0E6A}.Release|x86.ActiveCfg = Release|Any CPU
		{6A338C65-D15E-4596-BDF2-9C0B361B0E6A}.Release|x86.Build.0 = Release|Any CPU
		{CA666A8E-C5AF-4B0E-831C-B16703AE111F}.Debug|Any CPU.ActiveCfg = Debug|Any CPU
		{CA666A8E-C5AF-4B0E-831C-B16703AE111F}.Debug|Any CPU.Build.0 = Debug|Any CPU
		{CA666A8E-C5AF-4B0E-831C-B16703AE111F}.Debug|x64.ActiveCfg = Debug|Any CPU
		{CA666A8E-C5AF-4B0E-831C-B16703AE111F}.Debug|x64.Build.0 = Debug|Any CPU
		{CA666A8E-C5AF-4B0E-831C-B16703AE111F}.Debug|x86.ActiveCfg = Debug|Any CPU
		{CA666A8E-C5AF-4B0E-831C-B16703AE111F}.Debug|x86.Build.0 = Debug|Any CPU
		{CA666A8E-C5AF-4B0E-831C-B16703AE111F}.Release|Any CPU.ActiveCfg = Release|Any CPU
		{CA666A8E-C5AF-4B0E-831C-B16703AE111F}.Release|Any CPU.Build.0 = Release|Any CPU
		{CA666A8E-C5AF-4B0E-831C-B16703AE111F}.Release|x64.ActiveCfg = Release|Any CPU
		{CA666A8E-C5AF-4B0E-831C-B16703AE111F}.Release|x64.Build.0 = Release|Any CPU
		{CA666A8E-C5AF-4B0E-831C-B16703AE111F}.Release|x86.ActiveCfg = Release|Any CPU
		{CA666A8E-C5AF-4B0E-831C-B16703AE111F}.Release|x86.Build.0 = Release|Any CPU
		{36B97185-1EFC-4755-8521-FA177EEF3445}.Debug|Any CPU.ActiveCfg = Debug|Any CPU
		{36B97185-1EFC-4755-8521-FA177EEF3445}.Debug|Any CPU.Build.0 = Debug|Any CPU
		{36B97185-1EFC-4755-8521-FA177EEF3445}.Debug|x64.ActiveCfg = Debug|Any CPU
		{36B97185-1EFC-4755-8521-FA177EEF3445}.Debug|x64.Build.0 = Debug|Any CPU
		{36B97185-1EFC-4755-8521-FA177EEF3445}.Debug|x86.ActiveCfg = Debug|Any CPU
		{36B97185-1EFC-4755-8521-FA177EEF3445}.Debug|x86.Build.0 = Debug|Any CPU
		{36B97185-1EFC-4755-8521-FA177EEF3445}.Release|Any CPU.ActiveCfg = Release|Any CPU
		{36B97185-1EFC-4755-8521-FA177EEF3445}.Release|Any CPU.Build.0 = Release|Any CPU
		{36B97185-1EFC-4755-8521-FA177EEF3445}.Release|x64.ActiveCfg = Release|Any CPU
		{36B97185-1EFC-4755-8521-FA177EEF3445}.Release|x64.Build.0 = Release|Any CPU
		{36B97185-1EFC-4755-8521-FA177EEF3445}.Release|x86.ActiveCfg = Release|Any CPU
		{36B97185-1EFC-4755-8521-FA177EEF3445}.Release|x86.Build.0 = Release|Any CPU
		{5DE4A06B-3B14-43B5-8214-6ABC66B0E721}.Debug|Any CPU.ActiveCfg = Debug|Any CPU
		{5DE4A06B-3B14-43B5-8214-6ABC66B0E721}.Debug|Any CPU.Build.0 = Debug|Any CPU
		{5DE4A06B-3B14-43B5-8214-6ABC66B0E721}.Debug|x64.ActiveCfg = Debug|Any CPU
		{5DE4A06B-3B14-43B5-8214-6ABC66B0E721}.Debug|x64.Build.0 = Debug|Any CPU
		{5DE4A06B-3B14-43B5-8214-6ABC66B0E721}.Debug|x86.ActiveCfg = Debug|Any CPU
		{5DE4A06B-3B14-43B5-8214-6ABC66B0E721}.Debug|x86.Build.0 = Debug|Any CPU
		{5DE4A06B-3B14-43B5-8214-6ABC66B0E721}.Release|Any CPU.ActiveCfg = Release|Any CPU
		{5DE4A06B-3B14-43B5-8214-6ABC66B0E721}.Release|Any CPU.Build.0 = Release|Any CPU
		{5DE4A06B-3B14-43B5-8214-6ABC66B0E721}.Release|x64.ActiveCfg = Release|Any CPU
		{5DE4A06B-3B14-43B5-8214-6ABC66B0E721}.Release|x64.Build.0 = Release|Any CPU
		{5DE4A06B-3B14-43B5-8214-6ABC66B0E721}.Release|x86.ActiveCfg = Release|Any CPU
		{5DE4A06B-3B14-43B5-8214-6ABC66B0E721}.Release|x86.Build.0 = Release|Any CPU
		{9BBA8456-63E6-4E12-9552-CC31F1511FBB}.Debug|Any CPU.ActiveCfg = Debug|Any CPU
		{9BBA8456-63E6-4E12-9552-CC31F1511FBB}.Debug|Any CPU.Build.0 = Debug|Any CPU
		{9BBA8456-63E6-4E12-9552-CC31F1511FBB}.Debug|x64.ActiveCfg = Debug|Any CPU
		{9BBA8456-63E6-4E12-9552-CC31F1511FBB}.Debug|x64.Build.0 = Debug|Any CPU
		{9BBA8456-63E6-4E12-9552-CC31F1511FBB}.Debug|x86.ActiveCfg = Debug|Any CPU
		{9BBA8456-63E6-4E12-9552-CC31F1511FBB}.Debug|x86.Build.0 = Debug|Any CPU
		{9BBA8456-63E6-4E12-9552-CC31F1511FBB}.Release|Any CPU.ActiveCfg = Release|Any CPU
		{9BBA8456-63E6-4E12-9552-CC31F1511FBB}.Release|Any CPU.Build.0 = Release|Any CPU
		{9BBA8456-63E6-4E12-9552-CC31F1511FBB}.Release|x64.ActiveCfg = Release|Any CPU
		{9BBA8456-63E6-4E12-9552-CC31F1511FBB}.Release|x64.Build.0 = Release|Any CPU
		{9BBA8456-63E6-4E12-9552-CC31F1511FBB}.Release|x86.ActiveCfg = Release|Any CPU
		{9BBA8456-63E6-4E12-9552-CC31F1511FBB}.Release|x86.Build.0 = Release|Any CPU
		{1DBE36EB-3973-4B2B-9C52-49B69548FEBE}.Debug|Any CPU.ActiveCfg = Debug|Any CPU
		{1DBE36EB-3973-4B2B-9C52-49B69548FEBE}.Debug|Any CPU.Build.0 = Debug|Any CPU
		{1DBE36EB-3973-4B2B-9C52-49B69548FEBE}.Debug|x64.ActiveCfg = Debug|Any CPU
		{1DBE36EB-3973-4B2B-9C52-49B69548FEBE}.Debug|x64.Build.0 = Debug|Any CPU
		{1DBE36EB-3973-4B2B-9C52-49B69548FEBE}.Debug|x86.ActiveCfg = Debug|Any CPU
		{1DBE36EB-3973-4B2B-9C52-49B69548FEBE}.Debug|x86.Build.0 = Debug|Any CPU
		{1DBE36EB-3973-4B2B-9C52-49B69548FEBE}.Release|Any CPU.ActiveCfg = Release|Any CPU
		{1DBE36EB-3973-4B2B-9C52-49B69548FEBE}.Release|Any CPU.Build.0 = Release|Any CPU
		{1DBE36EB-3973-4B2B-9C52-49B69548FEBE}.Release|x64.ActiveCfg = Release|Any CPU
		{1DBE36EB-3973-4B2B-9C52-49B69548FEBE}.Release|x64.Build.0 = Release|Any CPU
		{1DBE36EB-3973-4B2B-9C52-49B69548FEBE}.Release|x86.ActiveCfg = Release|Any CPU
		{1DBE36EB-3973-4B2B-9C52-49B69548FEBE}.Release|x86.Build.0 = Release|Any CPU
		{67F49565-9EE7-4390-8DA5-1FFD3C62FDFE}.Debug|Any CPU.ActiveCfg = Debug|Any CPU
		{67F49565-9EE7-4390-8DA5-1FFD3C62FDFE}.Debug|Any CPU.Build.0 = Debug|Any CPU
		{67F49565-9EE7-4390-8DA5-1FFD3C62FDFE}.Debug|x64.ActiveCfg = Debug|Any CPU
		{67F49565-9EE7-4390-8DA5-1FFD3C62FDFE}.Debug|x64.Build.0 = Debug|Any CPU
		{67F49565-9EE7-4390-8DA5-1FFD3C62FDFE}.Debug|x86.ActiveCfg = Debug|Any CPU
		{67F49565-9EE7-4390-8DA5-1FFD3C62FDFE}.Debug|x86.Build.0 = Debug|Any CPU
		{67F49565-9EE7-4390-8DA5-1FFD3C62FDFE}.Release|Any CPU.ActiveCfg = Release|Any CPU
		{67F49565-9EE7-4390-8DA5-1FFD3C62FDFE}.Release|Any CPU.Build.0 = Release|Any CPU
		{67F49565-9EE7-4390-8DA5-1FFD3C62FDFE}.Release|x64.ActiveCfg = Release|Any CPU
		{67F49565-9EE7-4390-8DA5-1FFD3C62FDFE}.Release|x64.Build.0 = Release|Any CPU
		{67F49565-9EE7-4390-8DA5-1FFD3C62FDFE}.Release|x86.ActiveCfg = Release|Any CPU
		{67F49565-9EE7-4390-8DA5-1FFD3C62FDFE}.Release|x86.Build.0 = Release|Any CPU
		{E2201256-BE0C-47AB-9E8B-E338202F88B1}.Debug|Any CPU.ActiveCfg = Debug|Any CPU
		{E2201256-BE0C-47AB-9E8B-E338202F88B1}.Debug|Any CPU.Build.0 = Debug|Any CPU
		{E2201256-BE0C-47AB-9E8B-E338202F88B1}.Debug|x64.ActiveCfg = Debug|Any CPU
		{E2201256-BE0C-47AB-9E8B-E338202F88B1}.Debug|x64.Build.0 = Debug|Any CPU
		{E2201256-BE0C-47AB-9E8B-E338202F88B1}.Debug|x86.ActiveCfg = Debug|Any CPU
		{E2201256-BE0C-47AB-9E8B-E338202F88B1}.Debug|x86.Build.0 = Debug|Any CPU
		{E2201256-BE0C-47AB-9E8B-E338202F88B1}.Release|Any CPU.ActiveCfg = Release|Any CPU
		{E2201256-BE0C-47AB-9E8B-E338202F88B1}.Release|Any CPU.Build.0 = Release|Any CPU
		{E2201256-BE0C-47AB-9E8B-E338202F88B1}.Release|x64.ActiveCfg = Release|Any CPU
		{E2201256-BE0C-47AB-9E8B-E338202F88B1}.Release|x64.Build.0 = Release|Any CPU
		{E2201256-BE0C-47AB-9E8B-E338202F88B1}.Release|x86.ActiveCfg = Release|Any CPU
		{E2201256-BE0C-47AB-9E8B-E338202F88B1}.Release|x86.Build.0 = Release|Any CPU
		{4C930ACE-FB47-4D6F-8588-F07E1E5F8A0B}.Debug|Any CPU.ActiveCfg = Debug|Any CPU
		{4C930ACE-FB47-4D6F-8588-F07E1E5F8A0B}.Debug|Any CPU.Build.0 = Debug|Any CPU
		{4C930ACE-FB47-4D6F-8588-F07E1E5F8A0B}.Debug|x64.ActiveCfg = Debug|Any CPU
		{4C930ACE-FB47-4D6F-8588-F07E1E5F8A0B}.Debug|x64.Build.0 = Debug|Any CPU
		{4C930ACE-FB47-4D6F-8588-F07E1E5F8A0B}.Debug|x86.ActiveCfg = Debug|Any CPU
		{4C930ACE-FB47-4D6F-8588-F07E1E5F8A0B}.Debug|x86.Build.0 = Debug|Any CPU
		{4C930ACE-FB47-4D6F-8588-F07E1E5F8A0B}.Release|Any CPU.ActiveCfg = Release|Any CPU
		{4C930ACE-FB47-4D6F-8588-F07E1E5F8A0B}.Release|Any CPU.Build.0 = Release|Any CPU
		{4C930ACE-FB47-4D6F-8588-F07E1E5F8A0B}.Release|x64.ActiveCfg = Release|Any CPU
		{4C930ACE-FB47-4D6F-8588-F07E1E5F8A0B}.Release|x64.Build.0 = Release|Any CPU
		{4C930ACE-FB47-4D6F-8588-F07E1E5F8A0B}.Release|x86.ActiveCfg = Release|Any CPU
		{4C930ACE-FB47-4D6F-8588-F07E1E5F8A0B}.Release|x86.Build.0 = Release|Any CPU
		{C7278FD7-7309-492D-A35F-DD3FCAF30E87}.Debug|Any CPU.ActiveCfg = Debug|Any CPU
		{C7278FD7-7309-492D-A35F-DD3FCAF30E87}.Debug|Any CPU.Build.0 = Debug|Any CPU
		{C7278FD7-7309-492D-A35F-DD3FCAF30E87}.Debug|x64.ActiveCfg = Debug|Any CPU
		{C7278FD7-7309-492D-A35F-DD3FCAF30E87}.Debug|x64.Build.0 = Debug|Any CPU
		{C7278FD7-7309-492D-A35F-DD3FCAF30E87}.Debug|x86.ActiveCfg = Debug|Any CPU
		{C7278FD7-7309-492D-A35F-DD3FCAF30E87}.Debug|x86.Build.0 = Debug|Any CPU
		{C7278FD7-7309-492D-A35F-DD3FCAF30E87}.Release|Any CPU.ActiveCfg = Release|Any CPU
		{C7278FD7-7309-492D-A35F-DD3FCAF30E87}.Release|Any CPU.Build.0 = Release|Any CPU
		{C7278FD7-7309-492D-A35F-DD3FCAF30E87}.Release|x64.ActiveCfg = Release|Any CPU
		{C7278FD7-7309-492D-A35F-DD3FCAF30E87}.Release|x64.Build.0 = Release|Any CPU
		{C7278FD7-7309-492D-A35F-DD3FCAF30E87}.Release|x86.ActiveCfg = Release|Any CPU
		{C7278FD7-7309-492D-A35F-DD3FCAF30E87}.Release|x86.Build.0 = Release|Any CPU
		{E09D6CD3-F0F7-463C-8A5A-0AEC6EDDCA9F}.Debug|Any CPU.ActiveCfg = Debug|Any CPU
		{E09D6CD3-F0F7-463C-8A5A-0AEC6EDDCA9F}.Debug|Any CPU.Build.0 = Debug|Any CPU
		{E09D6CD3-F0F7-463C-8A5A-0AEC6EDDCA9F}.Debug|x64.ActiveCfg = Debug|Any CPU
		{E09D6CD3-F0F7-463C-8A5A-0AEC6EDDCA9F}.Debug|x64.Build.0 = Debug|Any CPU
		{E09D6CD3-F0F7-463C-8A5A-0AEC6EDDCA9F}.Debug|x86.ActiveCfg = Debug|Any CPU
		{E09D6CD3-F0F7-463C-8A5A-0AEC6EDDCA9F}.Debug|x86.Build.0 = Debug|Any CPU
		{E09D6CD3-F0F7-463C-8A5A-0AEC6EDDCA9F}.Release|Any CPU.ActiveCfg = Release|Any CPU
		{E09D6CD3-F0F7-463C-8A5A-0AEC6EDDCA9F}.Release|Any CPU.Build.0 = Release|Any CPU
		{E09D6CD3-F0F7-463C-8A5A-0AEC6EDDCA9F}.Release|x64.ActiveCfg = Release|Any CPU
		{E09D6CD3-F0F7-463C-8A5A-0AEC6EDDCA9F}.Release|x64.Build.0 = Release|Any CPU
		{E09D6CD3-F0F7-463C-8A5A-0AEC6EDDCA9F}.Release|x86.ActiveCfg = Release|Any CPU
		{E09D6CD3-F0F7-463C-8A5A-0AEC6EDDCA9F}.Release|x86.Build.0 = Release|Any CPU
		{D815D392-8326-46AE-81ED-8187F503D1E9}.Debug|Any CPU.ActiveCfg = Debug|Any CPU
		{D815D392-8326-46AE-81ED-8187F503D1E9}.Debug|Any CPU.Build.0 = Debug|Any CPU
		{D815D392-8326-46AE-81ED-8187F503D1E9}.Debug|x64.ActiveCfg = Debug|Any CPU
		{D815D392-8326-46AE-81ED-8187F503D1E9}.Debug|x64.Build.0 = Debug|Any CPU
		{D815D392-8326-46AE-81ED-8187F503D1E9}.Debug|x86.ActiveCfg = Debug|Any CPU
		{D815D392-8326-46AE-81ED-8187F503D1E9}.Debug|x86.Build.0 = Debug|Any CPU
		{D815D392-8326-46AE-81ED-8187F503D1E9}.Release|Any CPU.ActiveCfg = Release|Any CPU
		{D815D392-8326-46AE-81ED-8187F503D1E9}.Release|Any CPU.Build.0 = Release|Any CPU
		{D815D392-8326-46AE-81ED-8187F503D1E9}.Release|x64.ActiveCfg = Release|Any CPU
		{D815D392-8326-46AE-81ED-8187F503D1E9}.Release|x64.Build.0 = Release|Any CPU
		{D815D392-8326-46AE-81ED-8187F503D1E9}.Release|x86.ActiveCfg = Release|Any CPU
		{D815D392-8326-46AE-81ED-8187F503D1E9}.Release|x86.Build.0 = Release|Any CPU
		{FD014D12-AEA1-45DA-A646-0EA4B964DCF5}.Debug|Any CPU.ActiveCfg = Debug|Any CPU
		{FD014D12-AEA1-45DA-A646-0EA4B964DCF5}.Debug|Any CPU.Build.0 = Debug|Any CPU
		{FD014D12-AEA1-45DA-A646-0EA4B964DCF5}.Debug|x64.ActiveCfg = Debug|Any CPU
		{FD014D12-AEA1-45DA-A646-0EA4B964DCF5}.Debug|x64.Build.0 = Debug|Any CPU
		{FD014D12-AEA1-45DA-A646-0EA4B964DCF5}.Debug|x86.ActiveCfg = Debug|Any CPU
		{FD014D12-AEA1-45DA-A646-0EA4B964DCF5}.Debug|x86.Build.0 = Debug|Any CPU
		{FD014D12-AEA1-45DA-A646-0EA4B964DCF5}.Release|Any CPU.ActiveCfg = Release|Any CPU
		{FD014D12-AEA1-45DA-A646-0EA4B964DCF5}.Release|Any CPU.Build.0 = Release|Any CPU
		{FD014D12-AEA1-45DA-A646-0EA4B964DCF5}.Release|x64.ActiveCfg = Release|Any CPU
		{FD014D12-AEA1-45DA-A646-0EA4B964DCF5}.Release|x64.Build.0 = Release|Any CPU
		{FD014D12-AEA1-45DA-A646-0EA4B964DCF5}.Release|x86.ActiveCfg = Release|Any CPU
		{FD014D12-AEA1-45DA-A646-0EA4B964DCF5}.Release|x86.Build.0 = Release|Any CPU
		{956EF201-0422-4935-9C05-CF916BEBB22A}.Debug|Any CPU.ActiveCfg = Debug|Any CPU
		{956EF201-0422-4935-9C05-CF916BEBB22A}.Debug|Any CPU.Build.0 = Debug|Any CPU
		{956EF201-0422-4935-9C05-CF916BEBB22A}.Debug|x64.ActiveCfg = Debug|Any CPU
		{956EF201-0422-4935-9C05-CF916BEBB22A}.Debug|x64.Build.0 = Debug|Any CPU
		{956EF201-0422-4935-9C05-CF916BEBB22A}.Debug|x86.ActiveCfg = Debug|Any CPU
		{956EF201-0422-4935-9C05-CF916BEBB22A}.Debug|x86.Build.0 = Debug|Any CPU
		{956EF201-0422-4935-9C05-CF916BEBB22A}.Release|Any CPU.ActiveCfg = Release|Any CPU
		{956EF201-0422-4935-9C05-CF916BEBB22A}.Release|Any CPU.Build.0 = Release|Any CPU
		{956EF201-0422-4935-9C05-CF916BEBB22A}.Release|x64.ActiveCfg = Release|Any CPU
		{956EF201-0422-4935-9C05-CF916BEBB22A}.Release|x64.Build.0 = Release|Any CPU
		{956EF201-0422-4935-9C05-CF916BEBB22A}.Release|x86.ActiveCfg = Release|Any CPU
		{956EF201-0422-4935-9C05-CF916BEBB22A}.Release|x86.Build.0 = Release|Any CPU
	EndGlobalSection
	GlobalSection(SolutionProperties) = preSolution
		HideSolutionNode = FALSE
	EndGlobalSection
	GlobalSection(NestedProjects) = preSolution
		{594DB2C2-A5D1-4250-BC41-B302FB2643A0} = {DDF5E75B-12AB-488B-88D2-548D5C2A9612}
		{C2DEDA38-2CA0-4598-8CF7-6521FE159F39} = {594DB2C2-A5D1-4250-BC41-B302FB2643A0}
		{6A338C65-D15E-4596-BDF2-9C0B361B0E6A} = {DDF5E75B-12AB-488B-88D2-548D5C2A9612}
		{2F0E9196-121F-4274-802A-7A2411C6E50A} = {DDF5E75B-12AB-488B-88D2-548D5C2A9612}
		{CA666A8E-C5AF-4B0E-831C-B16703AE111F} = {2F0E9196-121F-4274-802A-7A2411C6E50A}
		{36B97185-1EFC-4755-8521-FA177EEF3445} = {2F0E9196-121F-4274-802A-7A2411C6E50A}
		{5DE4A06B-3B14-43B5-8214-6ABC66B0E721} = {2F0E9196-121F-4274-802A-7A2411C6E50A}
		{9BBA8456-63E6-4E12-9552-CC31F1511FBB} = {2F0E9196-121F-4274-802A-7A2411C6E50A}
		{1DBE36EB-3973-4B2B-9C52-49B69548FEBE} = {2F0E9196-121F-4274-802A-7A2411C6E50A}
		{67F49565-9EE7-4390-8DA5-1FFD3C62FDFE} = {2F0E9196-121F-4274-802A-7A2411C6E50A}
		{E2201256-BE0C-47AB-9E8B-E338202F88B1} = {594DB2C2-A5D1-4250-BC41-B302FB2643A0}
		{7A50A48D-A12E-4E9B-B610-B1A8D658DEF3} = {DDF5E75B-12AB-488B-88D2-548D5C2A9612}
		{4C930ACE-FB47-4D6F-8588-F07E1E5F8A0B} = {7A50A48D-A12E-4E9B-B610-B1A8D658DEF3}
		{C7278FD7-7309-492D-A35F-DD3FCAF30E87} = {7A50A48D-A12E-4E9B-B610-B1A8D658DEF3}
		{E09D6CD3-F0F7-463C-8A5A-0AEC6EDDCA9F} = {7A50A48D-A12E-4E9B-B610-B1A8D658DEF3}
		{D815D392-8326-46AE-81ED-8187F503D1E9} = {7A50A48D-A12E-4E9B-B610-B1A8D658DEF3}
		{FD014D12-AEA1-45DA-A646-0EA4B964DCF5} = {7A50A48D-A12E-4E9B-B610-B1A8D658DEF3}
		{956EF201-0422-4935-9C05-CF916BEBB22A} = {7A50A48D-A12E-4E9B-B610-B1A8D658DEF3}
	EndGlobalSection
EndGlobal
